
Microsoft Visual Studio Solution File, Format Version 12.00
# Visual Studio Version 17
VisualStudioVersion = 17.3.32901.215
MinimumVisualStudioVersion = 10.0.40219.1
Project("{FAE04EC0-301F-11D3-BF4B-00C04F79EFBC}") = "SystemPer", "SystemPer\SystemPer.csproj", "{0C3A6E58-2E8D-4F68-AD6C-E460D51DED76}"
EndProject
Project("{FAE04EC0-301F-11D3-BF4B-00C04F79EFBC}") = "UnitTestProject1", "UnitTestProject1\UnitTestProject1.csproj", "{29BA36F2-BFEF-4B01-A79A-48553BD05486}"
EndProject
Global
	GlobalSection(SolutionConfigurationPlatforms) = preSolution
		Debug|Any CPU = Debug|Any CPU
		Release|Any CPU = Release|Any CPU
	EndGlobalSection
	GlobalSection(ProjectConfigurationPlatforms) = postSolution
		{0C3A6E58-2E8D-4F68-AD6C-E460D51DED76}.Debug|Any CPU.ActiveCfg = Debug|Any CPU
		{0C3A6E58-2E8D-4F68-AD6C-E460D51DED76}.Debug|Any CPU.Build.0 = Debug|Any CPU
		{0C3A6E58-2E8D-4F68-AD6C-E460D51DED76}.Release|Any CPU.ActiveCfg = Release|Any CPU
		{0C3A6E58-2E8D-4F68-AD6C-E460D51DED76}.Release|Any CPU.Build.0 = Release|Any CPU
		{29BA36F2-BFEF-4B01-A79A-48553BD05486}.Debug|Any CPU.ActiveCfg = Debug|Any CPU
		{29BA36F2-BFEF-4B01-A79A-48553BD05486}.Debug|Any CPU.Build.0 = Debug|Any CPU
		{29BA36F2-BFEF-4B01-A79A-48553BD05486}.Release|Any CPU.ActiveCfg = Release|Any CPU
		{29BA36F2-BFEF-4B01-A79A-48553BD05486}.Release|Any CPU.Build.0 = Release|Any CPU
	EndGlobalSection
	GlobalSection(SolutionProperties) = preSolution
		HideSolutionNode = FALSE
	EndGlobalSection
	GlobalSection(ExtensibilityGlobals) = postSolution
		SolutionGuid = {3546652B-7323-401B-ABF6-AC50F3E6613B}
	EndGlobalSection
EndGlobal
